{
    "version": 3,
    "terraform_version": "0.11.8",
    "serial": 10,
    "lineage": "637bb6ed-fe3a-1bda-5189-2a66cff43421",
    "modules": [
        {
            "path": [
                "root"
            ],
            "outputs": {},
            "resources": {
                "aws_instance.pserver": {
                    "type": "aws_instance",
                    "depends_on": [
                        "aws_key_pair.default",
                        "aws_security_group.sgrp",
                        "aws_subnet.public-subnet"
                    ],
                    "primary": {
                        "id": "i-02eb60fa7fb87a1d3",
                        "attributes": {
                            "ami": "ami-6871a115",
                            "arn": "arn:aws:ec2:us-east-1:768185468892:instance/i-02eb60fa7fb87a1d3",
                            "associate_public_ip_address": "true",
                            "availability_zone": "us-east-1a",
                            "cpu_core_count": "1",
                            "cpu_threads_per_core": "1",
                            "credit_specification.#": "1",
                            "credit_specification.0.cpu_credits": "standard",
                            "disable_api_termination": "false",
                            "ebs_block_device.#": "0",
                            "ebs_optimized": "false",
                            "ephemeral_block_device.#": "0",
                            "get_password_data": "false",
                            "iam_instance_profile": "",
                            "id": "i-02eb60fa7fb87a1d3",
                            "instance_state": "running",
                            "instance_type": "t2.micro",
                            "ipv6_addresses.#": "0",
                            "key_name": "vpctestkeypair",
                            "monitoring": "false",
                            "network_interface.#": "0",
                            "network_interface_id": "eni-03e5a0e3a29d5835c",
                            "password_data": "",
                            "placement_group": "",
                            "primary_network_interface_id": "eni-03e5a0e3a29d5835c",
                            "private_dns": "ip-10-0-49-121.ec2.internal",
                            "private_ip": "10.0.49.121",
                            "public_dns": "ec2-34-227-59-49.compute-1.amazonaws.com",
                            "public_ip": "34.227.59.49",
                            "root_block_device.#": "1",
                            "root_block_device.0.delete_on_termination": "true",
                            "root_block_device.0.iops": "100",
                            "root_block_device.0.volume_id": "vol-0bb16f8ba9e779c72",
                            "root_block_device.0.volume_size": "10",
                            "root_block_device.0.volume_type": "gp2",
                            "security_groups.#": "0",
                            "source_dest_check": "false",
                            "subnet_id": "subnet-080023620224d3d99",
                            "tags.%": "0",
                            "tenancy": "default",
                            "volume_tags.%": "0",
                            "vpc_security_group_ids.#": "1",
                            "vpc_security_group_ids.2739232381": "sg-03d27e0a69077e36a"
                        },
                        "meta": {
                            "e2bfb730-ecaa-11e6-8f88-34363bc7c4c0": {
                                "create": 600000000000,
                                "delete": 1200000000000,
                                "update": 600000000000
                            },
                            "schema_version": "1"
                        },
                        "tainted": false
                    },
                    "deposed": [],
                    "provider": "provider.aws"
                },
                "aws_instance.wserver": {
                    "type": "aws_instance",
                    "depends_on": [
                        "aws_key_pair.default",
                        "aws_security_group.sgws",
                        "aws_subnet.private-subnet"
                    ],
                    "primary": {
                        "id": "i-072669139e1ee2f4f",
                        "attributes": {
                            "ami": "ami-6871a115",
                            "arn": "arn:aws:ec2:us-east-1:768185468892:instance/i-072669139e1ee2f4f",
                            "associate_public_ip_address": "false",
                            "availability_zone": "us-east-1a",
                            "cpu_core_count": "1",
                            "cpu_threads_per_core": "1",
                            "credit_specification.#": "1",
                            "credit_specification.0.cpu_credits": "standard",
                            "disable_api_termination": "false",
                            "ebs_block_device.#": "0",
                            "ebs_optimized": "false",
                            "ephemeral_block_device.#": "0",
                            "get_password_data": "false",
                            "iam_instance_profile": "",
                            "id": "i-072669139e1ee2f4f",
                            "instance_state": "running",
                            "instance_type": "t2.micro",
                            "ipv6_addresses.#": "0",
                            "key_name": "vpctestkeypair",
                            "monitoring": "false",
                            "network_interface.#": "0",
                            "network_interface_id": "eni-02767c0b25e6d695d",
                            "password_data": "",
                            "placement_group": "",
                            "primary_network_interface_id": "eni-02767c0b25e6d695d",
                            "private_dns": "ip-10-2-66-46.ec2.internal",
                            "private_ip": "10.2.66.46",
                            "public_dns": "",
                            "public_ip": "",
                            "root_block_device.#": "1",
                            "root_block_device.0.delete_on_termination": "true",
                            "root_block_device.0.iops": "100",
                            "root_block_device.0.volume_id": "vol-016d2ef0ea6a465f7",
                            "root_block_device.0.volume_size": "10",
                            "root_block_device.0.volume_type": "gp2",
                            "security_groups.#": "0",
                            "source_dest_check": "false",
                            "subnet_id": "subnet-0ab0f5156f3df23fd",
                            "tags.%": "0",
                            "tenancy": "default",
                            "volume_tags.%": "0",
                            "vpc_security_group_ids.#": "1",
                            "vpc_security_group_ids.1551806528": "sg-040fdf33d3e29264c"
                        },
                        "meta": {
                            "e2bfb730-ecaa-11e6-8f88-34363bc7c4c0": {
                                "create": 600000000000,
                                "delete": 1200000000000,
                                "update": 600000000000
                            },
                            "schema_version": "1"
                        },
                        "tainted": false
                    },
                    "deposed": [],
                    "provider": "provider.aws"
                },
                "aws_internet_gateway.gw": {
                    "type": "aws_internet_gateway",
                    "depends_on": [
                        "aws_vpc.rpvpc"
                    ],
                    "primary": {
                        "id": "igw-08a28886daef788a3",
                        "attributes": {
                            "id": "igw-08a28886daef788a3",
                            "vpc_id": "vpc-0836ee365ad8cbb46"
                        },
                        "meta": {},
                        "tainted": false
                    },
                    "deposed": [],
                    "provider": "provider.aws"
                },
                "aws_key_pair.default": {
                    "type": "aws_key_pair",
                    "depends_on": [],
                    "primary": {
                        "id": "vpctestkeypair",
                        "attributes": {
                            "fingerprint": "e8:1b:14:74:6f:f5:b3:b4:ce:9d:0d:48:a6:70:07:85",
                            "id": "vpctestkeypair",
                            "key_name": "vpctestkeypair",
                            "public_key": "ssh-rsa AAAAB3NzaC1yc2EAAAADAQABAAACAQDUu/XINTNYpR/NZTZZQd7RafXLGNhgn5wNbTJ8R/KHzO1MrWoCAhuhLFWGhnf5eAoNRKIrnuZyDheE8bHHATSTEZ9gpUVU6x8eFkrWMUGGwrR6PhGOH9rc1BZ9llMtHYLSshFlZqzl/85yImy4dw9skJB9dsxCWL/YZHfh0mjVD8/mE858BYm9CJSswu4ON02SCRrRqSeU2nd8lZa5PraFgIKjTbbfPkbNeyIneLpH7RN+WS89P1II/gNFDz+c1eWE4T5uSQq8zyn90d9u6kXriImCFRWPJNMUnFQZs4A2XLYAkXlaTu68mDkX9/m0A2K82N+W+X4cE27dIPgU23rm+lUoJVnUiFKLFeXbQP4YKKjDBU9UIBTnyLrE01xK9wGD2or+/epLlrxBHKhHP6OGmZ4wU9XPLRhcq/+HDRMaJ1lcuqrl7l3WFz/mrEeDB8ftHBHmFnFaeYzo+zQAVuuzyiGmrGMJeK0arG0ypim6PoNF37Qk2ZP43PzQxDgGHpKBns6V7w6AWJm7C0ftAezlXwjcPthawNo6qalB9NNa0yw0OcdiE8ii4Ac90OTmG+IsSVDeh6ZuQrHaVQHc/DShMYDBg2v5JKlJCWpP/owIFMNNZ+EP9lSDqFtZx1FZPdNfm11SNNsfS0gp+LxnPJL+mEIhM/T6J4urODqsCB/hVQ== root@labmachine.crtech"
                        },
                        "meta": {
                            "schema_version": "1"
                        },
                        "tainted": false
                    },
                    "deposed": [],
                    "provider": "provider.aws"
                },
                "aws_route.rpvpc2wsvpc": {
                    "type": "aws_route",
                    "depends_on": [
                        "aws_vpc.rpvpc",
                        "aws_vpc.wsvpc",
                        "aws_vpc_peering_connection.rpvpc2wsvpc"
                    ],
                    "primary": {
                        "id": "r-rtb-0d55b9433eecbefde1218385255",
                        "attributes": {
                            "destination_cidr_block": "10.2.0.0/16",
                            "destination_prefix_list_id": "",
                            "egress_only_gateway_id": "",
                            "gateway_id": "",
                            "id": "r-rtb-0d55b9433eecbefde1218385255",
                            "instance_id": "",
                            "instance_owner_id": "",
                            "nat_gateway_id": "",
                            "network_interface_id": "",
                            "origin": "CreateRoute",
                            "route_table_id": "rtb-0d55b9433eecbefde",
                            "state": "active",
                            "vpc_peering_connection_id": "pcx-0511906021e139ff2"
                        },
                        "meta": {
                            "e2bfb730-ecaa-11e6-8f88-34363bc7c4c0": {
                                "create": 120000000000,
                                "delete": 300000000000
                            }
                        },
                        "tainted": false
                    },
                    "deposed": [],
                    "provider": "provider.aws"
                },
                "aws_route.wsvpc2rpvpc": {
                    "type": "aws_route",
                    "depends_on": [
                        "aws_vpc.rpvpc",
                        "aws_vpc.wsvpc",
                        "aws_vpc_peering_connection.rpvpc2wsvpc"
                    ],
                    "primary": {
                        "id": "r-rtb-0b2aae8d01d0c8639179966490",
                        "attributes": {
                            "destination_cidr_block": "10.0.0.0/16",
                            "destination_prefix_list_id": "",
                            "egress_only_gateway_id": "",
                            "gateway_id": "",
                            "id": "r-rtb-0b2aae8d01d0c8639179966490",
                            "instance_id": "",
                            "instance_owner_id": "",
                            "nat_gateway_id": "",
                            "network_interface_id": "",
                            "origin": "CreateRoute",
                            "route_table_id": "rtb-0b2aae8d01d0c8639",
                            "state": "active",
                            "vpc_peering_connection_id": "pcx-0511906021e139ff2"
                        },
                        "meta": {
                            "e2bfb730-ecaa-11e6-8f88-34363bc7c4c0": {
                                "create": 120000000000,
                                "delete": 300000000000
                            }
                        },
                        "tainted": false
                    },
                    "deposed": [],
                    "provider": "provider.aws"
                },
                "aws_route_table.rp-public-rt": {
                    "type": "aws_route_table",
                    "depends_on": [
                        "aws_internet_gateway.gw",
                        "aws_vpc.rpvpc"
                    ],
                    "primary": {
                        "id": "rtb-02fdeb74027ee6024",
                        "attributes": {
                            "id": "rtb-02fdeb74027ee6024",
                            "propagating_vgws.#": "0",
                            "route.#": "1",
                            "route.3499571915.cidr_block": "0.0.0.0/0",
                            "route.3499571915.egress_only_gateway_id": "",
                            "route.3499571915.gateway_id": "igw-08a28886daef788a3",
                            "route.3499571915.instance_id": "",
                            "route.3499571915.ipv6_cidr_block": "",
                            "route.3499571915.nat_gateway_id": "",
                            "route.3499571915.network_interface_id": "",
                            "route.3499571915.vpc_peering_connection_id": "",
                            "tags.%": "0",
                            "vpc_id": "vpc-0836ee365ad8cbb46"
                        },
                        "meta": {},
                        "tainted": false
                    },
                    "deposed": [],
                    "provider": "provider.aws"
                },
                "aws_route_table_association.rt-public-rt": {
                    "type": "aws_route_table_association",
                    "depends_on": [
                        "aws_route_table.rp-public-rt",
                        "aws_subnet.public-subnet"
                    ],
                    "primary": {
                        "id": "rtbassoc-02355fd492e9bf0f1",
                        "attributes": {
                            "id": "rtbassoc-02355fd492e9bf0f1",
                            "route_table_id": "rtb-02fdeb74027ee6024",
                            "subnet_id": "subnet-080023620224d3d99"
                        },
                        "meta": {},
                        "tainted": false
                    },
                    "deposed": [],
                    "provider": "provider.aws"
                },
                "aws_security_group.sgrp": {
                    "type": "aws_security_group",
                    "depends_on": [
                        "aws_vpc.rpvpc"
                    ],
                    "primary": {
                        "id": "sg-03d27e0a69077e36a",
                        "attributes": {
                            "arn": "arn:aws:ec2:us-east-1:768185468892:security-group/sg-03d27e0a69077e36a",
                            "description": "Allow incoming HTTP connections \u0026 SSH access",
                            "egress.#": "0",
                            "id": "sg-03d27e0a69077e36a",
                            "ingress.#": "4",
                            "ingress.1799340084.cidr_blocks.#": "1",
                            "ingress.1799340084.cidr_blocks.0": "0.0.0.0/0",
                            "ingress.1799340084.description": "",
                            "ingress.1799340084.from_port": "-1",
                            "ingress.1799340084.ipv6_cidr_blocks.#": "0",
                            "ingress.1799340084.prefix_list_ids.#": "0",
                            "ingress.1799340084.protocol": "icmp",
                            "ingress.1799340084.security_groups.#": "0",
                            "ingress.1799340084.self": "false",
                            "ingress.1799340084.to_port": "-1",
                            "ingress.2214680975.cidr_blocks.#": "1",
                            "ingress.2214680975.cidr_blocks.0": "0.0.0.0/0",
                            "ingress.2214680975.description": "",
                            "ingress.2214680975.from_port": "80",
                            "ingress.2214680975.ipv6_cidr_blocks.#": "0",
                            "ingress.2214680975.prefix_list_ids.#": "0",
                            "ingress.2214680975.protocol": "tcp",
                            "ingress.2214680975.security_groups.#": "0",
                            "ingress.2214680975.self": "false",
                            "ingress.2214680975.to_port": "80",
                            "ingress.2541437006.cidr_blocks.#": "1",
                            "ingress.2541437006.cidr_blocks.0": "0.0.0.0/0",
                            "ingress.2541437006.description": "",
                            "ingress.2541437006.from_port": "22",
                            "ingress.2541437006.ipv6_cidr_blocks.#": "0",
                            "ingress.2541437006.prefix_list_ids.#": "0",
                            "ingress.2541437006.protocol": "tcp",
                            "ingress.2541437006.security_groups.#": "0",
                            "ingress.2541437006.self": "false",
                            "ingress.2541437006.to_port": "22",
                            "ingress.2617001939.cidr_blocks.#": "1",
                            "ingress.2617001939.cidr_blocks.0": "0.0.0.0/0",
                            "ingress.2617001939.description": "",
                            "ingress.2617001939.from_port": "443",
                            "ingress.2617001939.ipv6_cidr_blocks.#": "0",
                            "ingress.2617001939.prefix_list_ids.#": "0",
                            "ingress.2617001939.protocol": "tcp",
                            "ingress.2617001939.security_groups.#": "0",
                            "ingress.2617001939.self": "false",
                            "ingress.2617001939.to_port": "443",
                            "name": "sg_vpc1_web",
                            "owner_id": "768185468892",
                            "revoke_rules_on_delete": "false",
                            "tags.%": "0",
                            "vpc_id": "vpc-0836ee365ad8cbb46"
                        },
                        "meta": {
                            "e2bfb730-ecaa-11e6-8f88-34363bc7c4c0": {
                                "create": 600000000000,
                                "delete": 600000000000
                            },
                            "schema_version": "1"
                        },
                        "tainted": false
                    },
                    "deposed": [],
                    "provider": "provider.aws"
                },
                "aws_security_group.sgws": {
                    "type": "aws_security_group",
                    "depends_on": [
                        "aws_vpc.wsvpc"
                    ],
                    "primary": {
                        "id": "sg-040fdf33d3e29264c",
                        "attributes": {
                            "arn": "arn:aws:ec2:us-east-1:768185468892:security-group/sg-040fdf33d3e29264c",
                            "description": "Allow traffic from public subnet",
                            "egress.#": "0",
                            "id": "sg-040fdf33d3e29264c",
                            "ingress.#": "3",
                            "ingress.3053755749.cidr_blocks.#": "1",
                            "ingress.3053755749.cidr_blocks.0": "10.0.0.0/17",
                            "ingress.3053755749.description": "",
                            "ingress.3053755749.from_port": "3306",
                            "ingress.3053755749.ipv6_cidr_blocks.#": "0",
                            "ingress.3053755749.prefix_list_ids.#": "0",
                            "ingress.3053755749.protocol": "tcp",
                            "ingress.3053755749.security_groups.#": "0",
                            "ingress.3053755749.self": "false",
                            "ingress.3053755749.to_port": "3306",
                            "ingress.385189171.cidr_blocks.#": "1",
                            "ingress.385189171.cidr_blocks.0": "10.0.0.0/17",
                            "ingress.385189171.description": "",
                            "ingress.385189171.from_port": "-1",
                            "ingress.385189171.ipv6_cidr_blocks.#": "0",
                            "ingress.385189171.prefix_list_ids.#": "0",
                            "ingress.385189171.protocol": "icmp",
                            "ingress.385189171.security_groups.#": "0",
                            "ingress.385189171.self": "false",
                            "ingress.385189171.to_port": "-1",
                            "ingress.782068523.cidr_blocks.#": "1",
                            "ingress.782068523.cidr_blocks.0": "10.0.0.0/17",
                            "ingress.782068523.description": "",
                            "ingress.782068523.from_port": "22",
                            "ingress.782068523.ipv6_cidr_blocks.#": "0",
                            "ingress.782068523.prefix_list_ids.#": "0",
                            "ingress.782068523.protocol": "tcp",
                            "ingress.782068523.security_groups.#": "0",
                            "ingress.782068523.self": "false",
                            "ingress.782068523.to_port": "22",
                            "name": "sg_vpc2_web",
                            "owner_id": "768185468892",
                            "revoke_rules_on_delete": "false",
                            "tags.%": "0",
                            "vpc_id": "vpc-0af0a1aa2d851b8aa"
                        },
                        "meta": {
                            "e2bfb730-ecaa-11e6-8f88-34363bc7c4c0": {
                                "create": 600000000000,
                                "delete": 600000000000
                            },
                            "schema_version": "1"
                        },
                        "tainted": false
                    },
                    "deposed": [],
                    "provider": "provider.aws"
                },
                "aws_subnet.private-subnet": {
                    "type": "aws_subnet",
                    "depends_on": [
                        "aws_vpc.wsvpc"
                    ],
                    "primary": {
                        "id": "subnet-0ab0f5156f3df23fd",
                        "attributes": {
                            "arn": "arn:aws:ec2:us-east-1:768185468892:subnet/subnet-0ab0f5156f3df23fd",
                            "assign_ipv6_address_on_creation": "false",
                            "availability_zone": "us-east-1a",
                            "cidr_block": "10.2.0.0/17",
                            "id": "subnet-0ab0f5156f3df23fd",
                            "map_public_ip_on_launch": "false",
                            "tags.%": "0",
                            "vpc_id": "vpc-0af0a1aa2d851b8aa"
                        },
                        "meta": {
                            "e2bfb730-ecaa-11e6-8f88-34363bc7c4c0": {
                                "create": 600000000000,
                                "delete": 600000000000
                            },
                            "schema_version": "1"
                        },
                        "tainted": false
                    },
                    "deposed": [],
                    "provider": "provider.aws"
                },
                "aws_subnet.public-subnet": {
                    "type": "aws_subnet",
                    "depends_on": [
                        "aws_vpc.rpvpc"
                    ],
                    "primary": {
                        "id": "subnet-080023620224d3d99",
                        "attributes": {
                            "arn": "arn:aws:ec2:us-east-1:768185468892:subnet/subnet-080023620224d3d99",
                            "assign_ipv6_address_on_creation": "false",
                            "availability_zone": "us-east-1a",
                            "cidr_block": "10.0.0.0/17",
                            "id": "subnet-080023620224d3d99",
                            "map_public_ip_on_launch": "false",
                            "tags.%": "0",
                            "vpc_id": "vpc-0836ee365ad8cbb46"
                        },
                        "meta": {
                            "e2bfb730-ecaa-11e6-8f88-34363bc7c4c0": {
                                "create": 600000000000,
                                "delete": 600000000000
                            },
                            "schema_version": "1"
                        },
                        "tainted": false
                    },
                    "deposed": [],
                    "provider": "provider.aws"
                },
                "aws_vpc.rpvpc": {
                    "type": "aws_vpc",
                    "depends_on": [],
                    "primary": {
                        "id": "vpc-0836ee365ad8cbb46",
                        "attributes": {
                            "arn": "arn:aws:ec2:us-east-1:768185468892:vpc/vpc-0836ee365ad8cbb46",
                            "assign_generated_ipv6_cidr_block": "false",
                            "cidr_block": "10.0.0.0/16",
                            "default_network_acl_id": "acl-07cb91435f0b29783",
                            "default_route_table_id": "rtb-0d55b9433eecbefde",
                            "default_security_group_id": "sg-0cd2129380deab141",
                            "dhcp_options_id": "dopt-1039406b",
                            "enable_classiclink": "false",
                            "enable_classiclink_dns_support": "false",
                            "enable_dns_hostnames": "true",
                            "enable_dns_support": "true",
                            "id": "vpc-0836ee365ad8cbb46",
                            "instance_tenancy": "default",
                            "main_route_table_id": "rtb-0d55b9433eecbefde",
                            "tags.%": "0"
                        },
                        "meta": {
                            "schema_version": "1"
                        },
                        "tainted": false
                    },
                    "deposed": [],
                    "provider": "provider.aws"
                },
                "aws_vpc.wsvpc": {
                    "type": "aws_vpc",
                    "depends_on": [],
                    "primary": {
                        "id": "vpc-0af0a1aa2d851b8aa",
                        "attributes": {
                            "arn": "arn:aws:ec2:us-east-1:768185468892:vpc/vpc-0af0a1aa2d851b8aa",
                            "assign_generated_ipv6_cidr_block": "false",
                            "cidr_block": "10.2.0.0/16",
                            "default_network_acl_id": "acl-0a145fa3e557f6d3e",
                            "default_route_table_id": "rtb-0b2aae8d01d0c8639",
                            "default_security_group_id": "sg-04f0675e0f57c720c",
                            "dhcp_options_id": "dopt-1039406b",
                            "enable_classiclink": "false",
                            "enable_classiclink_dns_support": "false",
                            "enable_dns_hostnames": "true",
                            "enable_dns_support": "true",
                            "id": "vpc-0af0a1aa2d851b8aa",
                            "instance_tenancy": "default",
                            "main_route_table_id": "rtb-0b2aae8d01d0c8639",
                            "tags.%": "0"
                        },
                        "meta": {
                            "schema_version": "1"
                        },
                        "tainted": false
                    },
                    "deposed": [],
                    "provider": "provider.aws"
                },
                "aws_vpc_peering_connection.rpvpc2wsvpc": {
                    "type": "aws_vpc_peering_connection",
                    "depends_on": [
                        "aws_vpc.rpvpc",
                        "aws_vpc.wsvpc",
                        "data.aws_caller_identity.current"
                    ],
                    "primary": {
                        "id": "pcx-0511906021e139ff2",
                        "attributes": {
                            "accept_status": "active",
                            "accepter.#": "1",
                            "accepter.3244290774.allow_classic_link_to_remote_vpc": "false",
                            "accepter.3244290774.allow_remote_vpc_dns_resolution": "false",
                            "accepter.3244290774.allow_vpc_to_remote_classic_link": "false",
                            "auto_accept": "true",
                            "id": "pcx-0511906021e139ff2",
                            "peer_owner_id": "768185468892",
                            "peer_region": "us-east-1",
                            "peer_vpc_id": "vpc-0af0a1aa2d851b8aa",
                            "requester.#": "1",
                            "requester.3244290774.allow_classic_link_to_remote_vpc": "false",
                            "requester.3244290774.allow_remote_vpc_dns_resolution": "false",
                            "requester.3244290774.allow_vpc_to_remote_classic_link": "false",
                            "tags.%": "0",
                            "vpc_id": "vpc-0836ee365ad8cbb46"
                        },
                        "meta": {
                            "e2bfb730-ecaa-11e6-8f88-34363bc7c4c0": {
                                "create": 60000000000,
                                "delete": 60000000000,
                                "update": 60000000000
                            }
                        },
                        "tainted": false
                    },
                    "deposed": [],
                    "provider": "provider.aws"
                },
                "data.aws_caller_identity.current": {
                    "type": "aws_caller_identity",
                    "depends_on": [],
                    "primary": {
                        "id": "2018-10-09 06:11:23.63627829 +0000 UTC",
                        "attributes": {
                            "account_id": "768185468892",
                            "arn": "arn:aws:iam::768185468892:user/cloudlabAWS",
                            "id": "2018-10-09 06:11:23.63627829 +0000 UTC",
                            "user_id": "AIDAJMLL6CM6RPYFSHTNK"
                        },
                        "meta": {},
                        "tainted": false
                    },
                    "deposed": [],
                    "provider": "provider.aws"
                }
            },
            "depends_on": []
        }
    ]
}
